
Microsoft Visual Studio Solution File, Format Version 12.00
Project("{FAE04EC0-301F-11D3-BF4B-00C04F79EFBC}") = "Honey1", "Honey1\Honey1.csproj", "{F815D78E-D796-4661-865F-499B60DA5DAF}"
EndProject
Global
	GlobalSection(SolutionConfigurationPlatforms) = preSolution
		Debug|Any CPU = Debug|Any CPU
		Release|Any CPU = Release|Any CPU
	EndGlobalSection
	GlobalSection(ProjectConfigurationPlatforms) = postSolution
		{F815D78E-D796-4661-865F-499B60DA5DAF}.Debug|Any CPU.ActiveCfg = Debug|Any CPU
		{F815D78E-D796-4661-865F-499B60DA5DAF}.Debug|Any CPU.Build.0 = Debug|Any CPU
		{F815D78E-D796-4661-865F-499B60DA5DAF}.Release|Any CPU.ActiveCfg = Release|Any CPU
		{F815D78E-D796-4661-865F-499B60DA5DAF}.Release|Any CPU.Build.0 = Release|Any CPU
	EndGlobalSection
EndGlobal
